<?xml version="1.0" encoding="utf-8"?>
<Project ToolsVersion="17.0" xmlns="http://schemas.microsoft.com/developer/msbuild/2003">
  <ItemGroup>
    <ClCompile Include="C:\Users\User\source\repos\NetologyCpp\Lesson_10\Task_02\main.cpp">
      <Filter>Source Files</Filter>
    </ClCompile>
    <ClCompile Include="C:\Users\User\source\repos\NetologyCpp\Lesson_10\Task_02\triangle.cpp">
      <Filter>Source Files</Filter>
    </ClCompile>
    <ClCompile Include="C:\Users\User\source\repos\NetologyCpp\Lesson_10\Task_02\tetragon.cpp">
      <Filter>Source Files</Filter>
    </ClCompile>
    <ClCompile Include="C:\Users\User\source\repos\NetologyCpp\Lesson_10\Task_02\equilateral.cpp">
      <Filter>Source Files</Filter>
    </ClCompile>
    <ClCompile Include="C:\Users\User\source\repos\NetologyCpp\Lesson_10\Task_02\isosceles.cpp">
      <Filter>Source Files</Filter>
    </ClCompile>
    <ClCompile Include="C:\Users\User\source\repos\NetologyCpp\Lesson_10\Task_02\parallelogram.cpp">
      <Filter>Source Files</Filter>
    </ClCompile>
    <ClCompile Include="C:\Users\User\source\repos\NetologyCpp\Lesson_10\Task_02\print.cpp">
      <Filter>Source Files</Filter>
    </ClCompile>
    <ClCompile Include="C:\Users\User\source\repos\NetologyCpp\Lesson_10\Task_02\rectangle.cpp">
      <Filter>Source Files</Filter>
    </ClCompile>
    <ClCompile Include="C:\Users\User\source\repos\NetologyCpp\Lesson_10\Task_02\rhombus.cpp">
      <Filter>Source Files</Filter>
    </ClCompile>
    <ClCompile Include="C:\Users\User\source\repos\NetologyCpp\Lesson_10\Task_02\right_tr.cpp">
      <Filter>Source Files</Filter>
    </ClCompile>
    <ClCompile Include="C:\Users\User\source\repos\NetologyCpp\Lesson_10\Task_02\shape.cpp">
      <Filter>Source Files</Filter>
    </ClCompile>
    <ClCompile Include="C:\Users\User\source\repos\NetologyCpp\Lesson_10\Task_02\square.cpp">
      <Filter>Source Files</Filter>
    </ClCompile>
  </ItemGroup>
  <ItemGroup>
    <ClInclude Include="C:\Users\User\source\repos\NetologyCpp\Lesson_10\Task_02\triangle.h">
      <Filter>Header Files</Filter>
    </ClInclude>
    <ClInclude Include="C:\Users\User\source\repos\NetologyCpp\Lesson_10\Task_02\tetragon.h">
      <Filter>Header Files</Filter>
    </ClInclude>
    <ClInclude Include="C:\Users\User\source\repos\NetologyCpp\Lesson_10\Task_02\equilateral.h">
      <Filter>Header Files</Filter>
    </ClInclude>
    <ClInclude Include="C:\Users\User\source\repos\NetologyCpp\Lesson_10\Task_02\isosceles.h">
      <Filter>Header Files</Filter>
    </ClInclude>
    <ClInclude Include="C:\Users\User\source\repos\NetologyCpp\Lesson_10\Task_02\parallelogram.h">
      <Filter>Header Files</Filter>
    </ClInclude>
    <ClInclude Include="C:\Users\User\source\repos\NetologyCpp\Lesson_10\Task_02\print.h">
      <Filter>Header Files</Filter>
    </ClInclude>
    <ClInclude Include="C:\Users\User\source\repos\NetologyCpp\Lesson_10\Task_02\rectangle.h">
      <Filter>Header Files</Filter>
    </ClInclude>
    <ClInclude Include="C:\Users\User\source\repos\NetologyCpp\Lesson_10\Task_02\rhombus.h">
      <Filter>Header Files</Filter>
    </ClInclude>
    <ClInclude Include="C:\Users\User\source\repos\NetologyCpp\Lesson_10\Task_02\right_tr.h">
      <Filter>Header Files</Filter>
    </ClInclude>
    <ClInclude Include="C:\Users\User\source\repos\NetologyCpp\Lesson_10\Task_02\shape.h">
      <Filter>Header Files</Filter>
    </ClInclude>
    <ClInclude Include="C:\Users\User\source\repos\NetologyCpp\Lesson_10\Task_02\square.h">
      <Filter>Header Files</Filter>
    </ClInclude>
  </ItemGroup>
  <ItemGroup>
    <CustomBuild Include="C:\Users\User\source\repos\NetologyCpp\Lesson_10\Task_02\CMakeLists.txt" />
  </ItemGroup>
  <ItemGroup>
    <Filter Include="Header Files">
      <UniqueIdentifier>{474D0208-7938-3516-9550-B3E41915B644}</UniqueIdentifier>
    </Filter>
    <Filter Include="Source Files">
      <UniqueIdentifier>{3397760F-06C3-3B57-81A3-3830E05405AC}</UniqueIdentifier>
    </Filter>
  </ItemGroup>
</Project>
